<?xml version="1.0" encoding="utf-8"?>
<Project ToolsVersion="4.0" xmlns="http://schemas.microsoft.com/developer/msbuild/2003">
  <ItemGroup>
    <Filter Include="源文件">
      <UniqueIdentifier>{4FC737F1-C7A5-4376-A066-2A32D752A2FF}</UniqueIdentifier>
      <Extensions>cpp;c;cc;cxx;def;odl;idl;hpj;bat;asm;asmx</Extensions>
    </Filter>
    <Filter Include="头文件">
      <UniqueIdentifier>{93995380-89BD-4b04-88EB-625FBE52EBFB}</UniqueIdentifier>
      <Extensions>h;hpp;hxx;hm;inl;inc;xsd</Extensions>
    </Filter>
    <Filter Include="资源文件">
      <UniqueIdentifier>{67DA6AB6-F800-4c08-8B7A-83BB121AAD01}</UniqueIdentifier>
      <Extensions>rc;ico;cur;bmp;dlg;rc2;rct;bin;rgs;gif;jpg;jpeg;jpe;resx;tiff;tif;png;wav;mfcribbon-ms</Extensions>
    </Filter>
  </ItemGroup>
  <ItemGroup>
    <ClCompile Include="d3dUtility.cpp">
      <Filter>源文件</Filter>
    </ClCompile>
    <ClCompile Include="CameraClass.cpp">
      <Filter>源文件</Filter>
    </ClCompile>
    <ClCompile Include="skyboxclass.cpp">
      <Filter>源文件</Filter>
    </ClCompile>
    <ClCompile Include="melon.cpp">
      <Filter>源文件</Filter>
    </ClCompile>
    <ClCompile Include="control.cpp">
      <Filter>源文件</Filter>
    </ClCompile>
    <ClCompile Include="EightAspectCube.cpp">
      <Filter>源文件</Filter>
    </ClCompile>
    <ClCompile Include="XFileMesh.cpp">
      <Filter>源文件</Filter>
    </ClCompile>
    <ClCompile Include="Terrain.cpp">
      <Filter>源文件</Filter>
    </ClCompile>
    <ClCompile Include="Psystem.cpp">
      <Filter>源文件</Filter>
    </ClCompile>
    <ClCompile Include="Snow.cpp">
      <Filter>源文件</Filter>
    </ClCompile>
    <ClCompile Include="DirectInputClass.cpp">
      <Filter>源文件</Filter>
    </ClCompile>
    <ClCompile Include="Mytank.cpp">
      <Filter>源文件</Filter>
    </ClCompile>
    <ClCompile Include="Bullet.cpp">
      <Filter>源文件</Filter>
    </ClCompile>
    <ClCompile Include="EnemyTank.cpp">
      <Filter>源文件</Filter>
    </ClCompile>
    <ClCompile Include="GroundObject.cpp">
      <Filter>源文件</Filter>
    </ClCompile>
    <ClCompile Include="GameProps.cpp">
      <Filter>源文件</Filter>
    </ClCompile>
    <ClCompile Include="Expolde.cpp">
      <Filter>源文件</Filter>
    </ClCompile>
    <ClCompile Include="D3DGUI.cpp">
      <Filter>源文件</Filter>
    </ClCompile>
  </ItemGroup>
  <ItemGroup>
    <ClInclude Include="d3dUtility.h">
      <Filter>头文件</Filter>
    </ClInclude>
    <ClInclude Include="CameraClass.h">
      <Filter>头文件</Filter>
    </ClInclude>
    <ClInclude Include="resource.h">
      <Filter>头文件</Filter>
    </ClInclude>
    <ClInclude Include="skyboxclass.h">
      <Filter>头文件</Filter>
    </ClInclude>
    <ClInclude Include="XFileMesh.h">
      <Filter>头文件</Filter>
    </ClInclude>
    <ClInclude Include="Terrain.h">
      <Filter>头文件</Filter>
    </ClInclude>
    <ClInclude Include="Psystem.h">
      <Filter>头文件</Filter>
    </ClInclude>
    <ClInclude Include="Snow.h">
      <Filter>头文件</Filter>
    </ClInclude>
    <ClInclude Include="DirectInputClass.h">
      <Filter>头文件</Filter>
    </ClInclude>
    <ClInclude Include="Mytank.h">
      <Filter>头文件</Filter>
    </ClInclude>
    <ClInclude Include="Bullet.h">
      <Filter>头文件</Filter>
    </ClInclude>
    <ClInclude Include="EnemyTank.h">
      <Filter>头文件</Filter>
    </ClInclude>
    <ClInclude Include="GroundObject.h">
      <Filter>头文件</Filter>
    </ClInclude>
    <ClInclude Include="GameProps.h">
      <Filter>头文件</Filter>
    </ClInclude>
    <ClInclude Include="Explode.h">
      <Filter>头文件</Filter>
    </ClInclude>
    <ClInclude Include="D3DGUI.h">
      <Filter>头文件</Filter>
    </ClInclude>
  </ItemGroup>
</Project>